// !$*UTF8*$!
{
	archiveVersion = 1;
	classes = {
	};
	objectVersion = 46;
	objects = {

/* Begin PBXBuildFile section */
		C880255F1CBE41B80065BCE0 /* AppDelegate.swift in Sources */ = {isa = PBXBuildFile; fileRef = C880255E1CBE41B80065BCE0 /* AppDelegate.swift */; };
		C88025611CBE41B80065BCE0 /* Assets.xcassets in Resources */ = {isa = PBXBuildFile; fileRef = C88025601CBE41B80065BCE0 /* Assets.xcassets */; };
		C88025641CBE41B90065BCE0 /* MainMenu.xib in Resources */ = {isa = PBXBuildFile; fileRef = C88025621CBE41B90065BCE0 /* MainMenu.xib */; };
		C880256F1CBE41B90065BCE0 /* screenRDATests.swift in Sources */ = {isa = PBXBuildFile; fileRef = C880256E1CBE41B90065BCE0 /* screenRDATests.swift */; };
		C880257A1CBE41B90065BCE0 /* screenRDAUITests.swift in Sources */ = {isa = PBXBuildFile; fileRef = C88025791CBE41B90065BCE0 /* screenRDAUITests.swift */; };
		C880258C1CBE43930065BCE0 /* StatusMenuController.swift in Sources */ = {isa = PBXBuildFile; fileRef = C880258B1CBE43930065BCE0 /* StatusMenuController.swift */; };
		C8B287551CCE09FD00F68A9D /* Timer.swift in Sources */ = {isa = PBXBuildFile; fileRef = C8B287541CCE09FD00F68A9D /* Timer.swift */; };
		C8EA0D111CD0B1ED00588898 /* LaunchStarter.swift in Sources */ = {isa = PBXBuildFile; fileRef = C8EA0D101CD0B1ED00588898 /* LaunchStarter.swift */; };
/* End PBXBuildFile section */

/* Begin PBXContainerItemProxy section */
		C880256B1CBE41B90065BCE0 /* PBXContainerItemProxy */ = {
			isa = PBXContainerItemProxy;
			containerPortal = C88025531CBE41B80065BCE0 /* Project object */;
			proxyType = 1;
			remoteGlobalIDString = C880255A1CBE41B80065BCE0;
			remoteInfo = screenRDA;
		};
		C88025761CBE41B90065BCE0 /* PBXContainerItemProxy */ = {
			isa = PBXContainerItemProxy;
			containerPortal = C88025531CBE41B80065BCE0 /* Project object */;
			proxyType = 1;
			remoteGlobalIDString = C880255A1CBE41B80065BCE0;
			remoteInfo = screenRDA;
		};
/* End PBXContainerItemProxy section */

/* Begin PBXFileReference section */
		C880255B1CBE41B80065BCE0 /* screenRDA.app */ = {isa = PBXFileReference; explicitFileType = wrapper.application; includeInIndex = 0; path = screenRDA.app; sourceTree = BUILT_PRODUCTS_DIR; };
		C880255E1CBE41B80065BCE0 /* AppDelegate.swift */ = {isa = PBXFileReference; lastKnownFileType = sourcecode.swift; path = AppDelegate.swift; sourceTree = "<group>"; };
		C88025601CBE41B80065BCE0 /* Assets.xcassets */ = {isa = PBXFileReference; lastKnownFileType = folder.assetcatalog; path = Assets.xcassets; sourceTree = "<group>"; };
		C88025631CBE41B90065BCE0 /* Base */ = {isa = PBXFileReference; lastKnownFileType = file.xib; name = Base; path = Base.lproj/MainMenu.xib; sourceTree = "<group>"; };
		C88025651CBE41B90065BCE0 /* Info.plist */ = {isa = PBXFileReference; lastKnownFileType = text.plist.xml; path = Info.plist; sourceTree = "<group>"; };
		C880256A1CBE41B90065BCE0 /* screenRDATests.xctest */ = {isa = PBXFileReference; explicitFileType = wrapper.cfbundle; includeInIndex = 0; path = screenRDATests.xctest; sourceTree = BUILT_PRODUCTS_DIR; };
		C880256E1CBE41B90065BCE0 /* screenRDATests.swift */ = {isa = PBXFileReference; lastKnownFileType = sourcecode.swift; path = screenRDATests.swift; sourceTree = "<group>"; };
		C88025701CBE41B90065BCE0 /* Info.plist */ = {isa = PBXFileReference; lastKnownFileType = text.plist.xml; path = Info.plist; sourceTree = "<group>"; };
		C88025751CBE41B90065BCE0 /* screenRDAUITests.xctest */ = {isa = PBXFileReference; explicitFileType = wrapper.cfbundle; includeInIndex = 0; path = screenRDAUITests.xctest; sourceTree = BUILT_PRODUCTS_DIR; };
		C88025791CBE41B90065BCE0 /* screenRDAUITests.swift */ = {isa = PBXFileReference; lastKnownFileType = sourcecode.swift; path = screenRDAUITests.swift; sourceTree = "<group>"; };
		C880257B1CBE41B90065BCE0 /* Info.plist */ = {isa = PBXFileReference; lastKnownFileType = text.plist.xml; path = Info.plist; sourceTree = "<group>"; };
		C880258B1CBE43930065BCE0 /* StatusMenuController.swift */ = {isa = PBXFileReference; fileEncoding = 4; lastKnownFileType = sourcecode.swift; path = StatusMenuController.swift; sourceTree = "<group>"; };
		C8B287541CCE09FD00F68A9D /* Timer.swift */ = {isa = PBXFileReference; fileEncoding = 4; lastKnownFileType = sourcecode.swift; path = Timer.swift; sourceTree = "<group>"; };
		C8EA0D101CD0B1ED00588898 /* LaunchStarter.swift */ = {isa = PBXFileReference; fileEncoding = 4; lastKnownFileType = sourcecode.swift; path = LaunchStarter.swift; sourceTree = "<group>"; };
/* End PBXFileReference section */

/* Begin PBXFrameworksBuildPhase section */
		C88025581CBE41B80065BCE0 /* Frameworks */ = {
			isa = PBXFrameworksBuildPhase;
			buildActionMask = 2147483647;
			files = (
			);
			runOnlyForDeploymentPostprocessing = 0;
		};
		C88025671CBE41B90065BCE0 /* Frameworks */ = {
			isa = PBXFrameworksBuildPhase;
			buildActionMask = 2147483647;
			files = (
			);
			runOnlyForDeploymentPostprocessing = 0;
		};
		C88025721CBE41B90065BCE0 /* Frameworks */ = {
			isa = PBXFrameworksBuildPhase;
			buildActionMask = 2147483647;
			files = (
			);
			runOnlyForDeploymentPostprocessing = 0;
		};
/* End PBXFrameworksBuildPhase section */

/* Begin PBXGroup section */
		C88025521CBE41B80065BCE0 = {
			isa = PBXGroup;
			children = (
				C880255D1CBE41B80065BCE0 /* screenRDA */,
				C880256D1CBE41B90065BCE0 /* screenRDATests */,
				C88025781CBE41B90065BCE0 /* screenRDAUITests */,
				C880255C1CBE41B80065BCE0 /* Products */,
			);
			sourceTree = "<group>";
		};
		C880255C1CBE41B80065BCE0 /* Products */ = {
			isa = PBXGroup;
			children = (
				C880255B1CBE41B80065BCE0 /* screenRDA.app */,
				C880256A1CBE41B90065BCE0 /* screenRDATests.xctest */,
				C88025751CBE41B90065BCE0 /* screenRDAUITests.xctest */,
			);
			name = Products;
			sourceTree = "<group>";
		};
		C880255D1CBE41B80065BCE0 /* screenRDA */ = {
			isa = PBXGroup;
			children = (
				C880255E1CBE41B80065BCE0 /* AppDelegate.swift */,
				C88025601CBE41B80065BCE0 /* Assets.xcassets */,
				C88025621CBE41B90065BCE0 /* MainMenu.xib */,
				C88025651CBE41B90065BCE0 /* Info.plist */,
				C880258B1CBE43930065BCE0 /* StatusMenuController.swift */,
				C8B287541CCE09FD00F68A9D /* Timer.swift */,
				C8EA0D101CD0B1ED00588898 /* LaunchStarter.swift */,
			);
			path = screenRDA;
			sourceTree = "<group>";
		};
		C880256D1CBE41B90065BCE0 /* screenRDATests */ = {
			isa = PBXGroup;
			children = (
				C880256E1CBE41B90065BCE0 /* screenRDATests.swift */,
				C88025701CBE41B90065BCE0 /* Info.plist */,
			);
			path = screenRDATests;
			sourceTree = "<group>";
		};
		C88025781CBE41B90065BCE0 /* screenRDAUITests */ = {
			isa = PBXGroup;
			children = (
				C88025791CBE41B90065BCE0 /* screenRDAUITests.swift */,
				C880257B1CBE41B90065BCE0 /* Info.plist */,
			);
			path = screenRDAUITests;
			sourceTree = "<group>";
		};
/* End PBXGroup section */

/* Begin PBXNativeTarget section */
		C880255A1CBE41B80065BCE0 /* screenRDA */ = {
			isa = PBXNativeTarget;
			buildConfigurationList = C880257E1CBE41B90065BCE0 /* Build configuration list for PBXNativeTarget "screenRDA" */;
			buildPhases = (
				C88025571CBE41B80065BCE0 /* Sources */,
				C88025581CBE41B80065BCE0 /* Frameworks */,
				C88025591CBE41B80065BCE0 /* Resources */,
			);
			buildRules = (
			);
			dependencies = (
			);
			name = screenRDA;
			productName = screenRDA;
			productReference = C880255B1CBE41B80065BCE0 /* screenRDA.app */;
			productType = "com.apple.product-type.application";
		};
		C88025691CBE41B90065BCE0 /* screenRDATests */ = {
			isa = PBXNativeTarget;
			buildConfigurationList = C88025811CBE41B90065BCE0 /* Build configuration list for PBXNativeTarget "screenRDATests" */;
			buildPhases = (
				C88025661CBE41B90065BCE0 /* Sources */,
				C88025671CBE41B90065BCE0 /* Frameworks */,
				C88025681CBE41B90065BCE0 /* Resources */,
			);
			buildRules = (
			);
			dependencies = (
				C880256C1CBE41B90065BCE0 /* PBXTargetDependency */,
			);
			name = screenRDATests;
			productName = screenRDATests;
			productReference = C880256A1CBE41B90065BCE0 /* screenRDATests.xctest */;
			productType = "com.apple.product-type.bundle.unit-test";
		};
		C88025741CBE41B90065BCE0 /* screenRDAUITests */ = {
			isa = PBXNativeTarget;
			buildConfigurationList = C88025841CBE41B90065BCE0 /* Build configuration list for PBXNativeTarget "screenRDAUITests" */;
			buildPhases = (
				C88025711CBE41B90065BCE0 /* Sources */,
				C88025721CBE41B90065BCE0 /* Frameworks */,
				C88025731CBE41B90065BCE0 /* Resources */,
			);
			buildRules = (
			);
			dependencies = (
				C88025771CBE41B90065BCE0 /* PBXTargetDependency */,
			);
			name = screenRDAUITests;
			productName = screenRDAUITests;
			productReference = C88025751CBE41B90065BCE0 /* screenRDAUITests.xctest */;
			productType = "com.apple.product-type.bundle.ui-testing";
		};
/* End PBXNativeTarget section */

/* Begin PBXProject section */
		C88025531CBE41B80065BCE0 /* Project object */ = {
			isa = PBXProject;
			attributes = {
				LastSwiftUpdateCheck = 0730;
				LastUpgradeCheck = 0730;
				ORGANIZATIONNAME = BurningTree;
				TargetAttributes = {
					C880255A1CBE41B80065BCE0 = {
						CreatedOnToolsVersion = 7.3;
					};
					C88025691CBE41B90065BCE0 = {
						CreatedOnToolsVersion = 7.3;
						TestTargetID = C880255A1CBE41B80065BCE0;
					};
					C88025741CBE41B90065BCE0 = {
						CreatedOnToolsVersion = 7.3;
						TestTargetID = C880255A1CBE41B80065BCE0;
					};
				};
			};
			buildConfigurationList = C88025561CBE41B80065BCE0 /* Build configuration list for PBXProject "screenRDA" */;
			compatibilityVersion = "Xcode 3.2";
			developmentRegion = English;
			hasScannedForEncodings = 0;
			knownRegions = (
				en,
				Base,
			);
			mainGroup = C88025521CBE41B80065BCE0;
			productRefGroup = C880255C1CBE41B80065BCE0 /* Products */;
			projectDirPath = "";
			projectRoot = "";
			targets = (
				C880255A1CBE41B80065BCE0 /* screenRDA */,
				C88025691CBE41B90065BCE0 /* screenRDATests */,
				C88025741CBE41B90065BCE0 /* screenRDAUITests */,
			);
		};
/* End PBXProject section */

/* Begin PBXResourcesBuildPhase section */
		C88025591CBE41B80065BCE0 /* Resources */ = {
			isa = PBXResourcesBuildPhase;
			buildActionMask = 2147483647;
			files = (
				C88025611CBE41B80065BCE0 /* Assets.xcassets in Resources */,
				C88025641CBE41B90065BCE0 /* MainMenu.xib in Resources */,
			);
			runOnlyForDeploymentPostprocessing = 0;
		};
		C88025681CBE41B90065BCE0 /* Resources */ = {
			isa = PBXResourcesBuildPhase;
			buildActionMask = 2147483647;
			files = (
			);
			runOnlyForDeploymentPostprocessing = 0;
		};
		C88025731CBE41B90065BCE0 /* Resources */ = {
			isa = PBXResourcesBuildPhase;
			buildActionMask = 2147483647;
			files = (
			);
			runOnlyForDeploymentPostprocessing = 0;
		};
/* End PBXResourcesBuildPhase section */

/* Begin PBXSourcesBuildPhase section */
		C88025571CBE41B80065BCE0 /* Sources */ = {
			isa = PBXSourcesBuildPhase;
			buildActionMask = 2147483647;
			files = (
				C8B287551CCE09FD00F68A9D /* Timer.swift in Sources */,
				C880258C1CBE43930065BCE0 /* StatusMenuController.swift in Sources */,
				C8EA0D111CD0B1ED00588898 /* LaunchStarter.swift in Sources */,
				C880255F1CBE41B80065BCE0 /* AppDelegate.swift in Sources */,
			);
			runOnlyForDeploymentPostprocessing = 0;
		};
		C88025661CBE41B90065BCE0 /* Sources */ = {
			isa = PBXSourcesBuildPhase;
			buildActionMask = 2147483647;
			files = (
				C880256F1CBE41B90065BCE0 /* screenRDATests.swift in Sources */,
			);
			runOnlyForDeploymentPostprocessing = 0;
		};
		C88025711CBE41B90065BCE0 /* Sources */ = {
			isa = PBXSourcesBuildPhase;
			buildActionMask = 2147483647;
			files = (
				C880257A1CBE41B90065BCE0 /* screenRDAUITests.swift in Sources */,
			);
			runOnlyForDeploymentPostprocessing = 0;
		};
/* End PBXSourcesBuildPhase section */

/* Begin PBXTargetDependency section */
		C880256C1CBE41B90065BCE0 /* PBXTargetDependency */ = {
			isa = PBXTargetDependency;
			target = C880255A1CBE41B80065BCE0 /* screenRDA */;
			targetProxy = C880256B1CBE41B90065BCE0 /* PBXContainerItemProxy */;
		};
		C88025771CBE41B90065BCE0 /* PBXTargetDependency */ = {
			isa = PBXTargetDependency;
			target = C880255A1CBE41B80065BCE0 /* screenRDA */;
			targetProxy = C88025761CBE41B90065BCE0 /* PBXContainerItemProxy */;
		};
/* End PBXTargetDependency section */

/* Begin PBXVariantGroup section */
		C88025621CBE41B90065BCE0 /* MainMenu.xib */ = {
			isa = PBXVariantGroup;
			children = (
				C88025631CBE41B90065BCE0 /* Base */,
			);
			name = MainMenu.xib;
			sourceTree = "<group>";
		};
/* End PBXVariantGroup section */

/* Begin XCBuildConfiguration section */
		C880257C1CBE41B90065BCE0 /* Debug */ = {
			isa = XCBuildConfiguration;
			buildSettings = {
				ALWAYS_SEARCH_USER_PATHS = NO;
				CLANG_ANALYZER_NONNULL = YES;
				CLANG_CXX_LANGUAGE_STANDARD = "gnu++0x";
				CLANG_CXX_LIBRARY = "libc++";
				CLANG_ENABLE_MODULES = YES;
				CLANG_ENABLE_OBJC_ARC = YES;
				CLANG_WARN_BOOL_CONVERSION = YES;
				CLANG_WARN_CONSTANT_CONVERSION = YES;
				CLANG_WARN_DIRECT_OBJC_ISA_USAGE = YES_ERROR;
				CLANG_WARN_EMPTY_BODY = YES;
				CLANG_WARN_ENUM_CONVERSION = YES;
				CLANG_WARN_INT_CONVERSION = YES;
				CLANG_WARN_OBJC_ROOT_CLASS = YES_ERROR;
				CLANG_WARN_UNREACHABLE_CODE = YES;
				CLANG_WARN__DUPLICATE_METHOD_MATCH = YES;
				CODE_SIGN_IDENTITY = "-";
				COPY_PHASE_STRIP = NO;
				DEBUG_INFORMATION_FORMAT = dwarf;
				ENABLE_STRICT_OBJC_MSGSEND = YES;
				ENABLE_TESTABILITY = YES;
				GCC_C_LANGUAGE_STANDARD = gnu99;
				GCC_DYNAMIC_NO_PIC = NO;
				GCC_NO_COMMON_BLOCKS = YES;
				GCC_OPTIMIZATION_LEVEL = 0;
				GCC_PREPROCESSOR_DEFINITIONS = (
					"DEBUG=1",
					"$(inherited)",
				);
				GCC_WARN_64_TO_32_BIT_CONVERSION = YES;
				GCC_WARN_ABOUT_RETURN_TYPE = YES_ERROR;
				GCC_WARN_UNDECLARED_SELECTOR = YES;
				GCC_WARN_UNINITIALIZED_AUTOS = YES_AGGRESSIVE;
				GCC_WARN_UNUSED_FUNCTION = YES;
				GCC_WARN_UNUSED_VARIABLE = YES;
				MACOSX_DEPLOYMENT_TARGET = 10.11;
				MTL_ENABLE_DEBUG_INFO = YES;
				ONLY_ACTIVE_ARCH = YES;
				SDKROOT = macosx;
				SWIFT_OPTIMIZATION_LEVEL = "-Onone";
			};
			name = Debug;
		};
		C880257D1CBE41B90065BCE0 /* Release */ = {
			isa = XCBuildConfiguration;
			buildSettings = {
				ALWAYS_SEARCH_USER_PATHS = NO;
				CLANG_ANALYZER_NONNULL = YES;
				CLANG_CXX_LANGUAGE_STANDARD = "gnu++0x";
				CLANG_CXX_LIBRARY = "libc++";
				CLANG_ENABLE_MODULES = YES;
				CLANG_ENABLE_OBJC_ARC = YES;
				CLANG_WARN_BOOL_CONVERSION = YES;
				CLANG_WARN_CONSTANT_CONVERSION = YES;
				CLANG_WARN_DIRECT_OBJC_ISA_USAGE = YES_ERROR;
				CLANG_WARN_EMPTY_BODY = YES;
				CLANG_WARN_ENUM_CONVERSION = YES;
				CLANG_WARN_INT_CONVERSION = YES;
				CLANG_WARN_OBJC_ROOT_CLASS = YES_ERROR;
				CLANG_WARN_UNREACHABLE_CODE = YES;
				CLANG_WARN__DUPLICATE_METHOD_MATCH = YES;
				CODE_SIGN_IDENTITY = "-";
				COPY_PHASE_STRIP = NO;
				DEBUG_INFORMATION_FORMAT = "dwarf-with-dsym";
				ENABLE_NS_ASSERTIONS = NO;
				ENABLE_STRICT_OBJC_MSGSEND = YES;
				GCC_C_LANGUAGE_STANDARD = gnu99;
				GCC_NO_COMMON_BLOCKS = YES;
				GCC_WARN_64_TO_32_BIT_CONVERSION = YES;
				GCC_WARN_ABOUT_RETURN_TYPE = YES_ERROR;
				GCC_WARN_UNDECLARED_SELECTOR = YES;
				GCC_WARN_UNINITIALIZED_AUTOS = YES_AGGRESSIVE;
				GCC_WARN_UNUSED_FUNCTION = YES;
				GCC_WARN_UNUSED_VARIABLE = YES;
				MACOSX_DEPLOYMENT_TARGET = 10.11;
				MTL_ENABLE_DEBUG_INFO = NO;
				SDKROOT = macosx;
			};
			name = Release;
		};
		C880257F1CBE41B90065BCE0 /* Debug */ = {
			isa = XCBuildConfiguration;
			buildSettings = {
				ASSETCATALOG_COMPILER_APPICON_NAME = AppIcon;
				COMBINE_HIDPI_IMAGES = YES;
				INFOPLIST_FILE = screenRDA/Info.plist;
				LD_RUNPATH_SEARCH_PATHS = "$(inherited) @executable_path/../Frameworks";
				PRODUCT_BUNDLE_IDENTIFIER = io.burningtree.screenRDA;
				PRODUCT_NAME = "$(TARGET_NAME)";
			};
			name = Debug;
		};
		C88025801CBE41B90065BCE0 /* Release */ = {
			isa = XCBuildConfiguration;
			buildSettings = {
				ASSETCATALOG_COMPILER_APPICON_NAME = AppIcon;
				COMBINE_HIDPI_IMAGES = YES;
				INFOPLIST_FILE = screenRDA/Info.plist;
				LD_RUNPATH_SEARCH_PATHS = "$(inherited) @executable_path/../Frameworks";
				PRODUCT_BUNDLE_IDENTIFIER = io.burningtree.screenRDA;
				PRODUCT_NAME = "$(TARGET_NAME)";
			};
			name = Release;
		};
		C88025821CBE41B90065BCE0 /* Debug */ = {
			isa = XCBuildConfiguration;
			buildSettings = {
				BUNDLE_LOADER = "$(TEST_HOST)";
				COMBINE_HIDPI_IMAGES = YES;
				INFOPLIST_FILE = screenRDATests/Info.plist;
				LD_RUNPATH_SEARCH_PATHS = "$(inherited) @executable_path/../Frameworks @loader_path/../Frameworks";
				PRODUCT_BUNDLE_IDENTIFIER = io.burningtree.screenRDATests;
				PRODUCT_NAME = "$(TARGET_NAME)";
				TEST_HOST = "$(BUILT_PRODUCTS_DIR)/screenRDA.app/Contents/MacOS/screenRDA";
			};
			name = Debug;
		};
		C88025831CBE41B90065BCE0 /* Release */ = {
			isa = XCBuildConfiguration;
			buildSettings = {
				BUNDLE_LOADER = "$(TEST_HOST)";
				COMBINE_HIDPI_IMAGES = YES;
				INFOPLIST_FILE = screenRDATests/Info.plist;
				LD_RUNPATH_SEARCH_PATHS = "$(inherited) @executable_path/../Frameworks @loader_path/../Frameworks";
				PRODUCT_BUNDLE_IDENTIFIER = io.burningtree.screenRDATests;
				PRODUCT_NAME = "$(TARGET_NAME)";
				TEST_HOST = "$(BUILT_PRODUCTS_DIR)/screenRDA.app/Contents/MacOS/screenRDA";
			};
			name = Release;
		};
		C88025851CBE41B90065BCE0 /* Debug */ = {
			isa = XCBuildConfiguration;
			buildSettings = {
				COMBINE_HIDPI_IMAGES = YES;
				INFOPLIST_FILE = screenRDAUITests/Info.plist;
				LD_RUNPATH_SEARCH_PATHS = "$(inherited) @executable_path/../Frameworks @loader_path/../Frameworks";
				PRODUCT_BUNDLE_IDENTIFIER = io.burningtree.screenRDAUITests;
				PRODUCT_NAME = "$(TARGET_NAME)";
				TEST_TARGET_NAME = screenRDA;
			};
			name = Debug;
		};
		C88025861CBE41B90065BCE0 /* Release */ = {
			isa = XCBuildConfiguration;
			buildSettings = {
				COMBINE_HIDPI_IMAGES = YES;
				INFOPLIST_FILE = screenRDAUITests/Info.plist;
				LD_RUNPATH_SEARCH_PATHS = "$(inherited) @executable_path/../Frameworks @loader_path/../Frameworks";
				PRODUCT_BUNDLE_IDENTIFIER = io.burningtree.screenRDAUITests;
				PRODUCT_NAME = "$(TARGET_NAME)";
				TEST_TARGET_NAME = screenRDA;
			};
			name = Release;
		};
/* End XCBuildConfiguration section */

/* Begin XCConfigurationList section */
		C88025561CBE41B80065BCE0 /* Build configuration list for PBXProject "screenRDA" */ = {
			isa = XCConfigurationList;
			buildConfigurations = (
				C880257C1CBE41B90065BCE0 /* Debug */,
				C880257D1CBE41B90065BCE0 /* Release */,
			);
			defaultConfigurationIsVisible = 0;
			defaultConfigurationName = Release;
		};
		C880257E1CBE41B90065BCE0 /* Build configuration list for PBXNativeTarget "screenRDA" */ = {
			isa = XCConfigurationList;
			buildConfigurations = (
				C880257F1CBE41B90065BCE0 /* Debug */,
				C88025801CBE41B90065BCE0 /* Release */,
			);
			defaultConfigurationIsVisible = 0;
		};
		C88025811CBE41B90065BCE0 /* Build configuration list for PBXNativeTarget "screenRDATests" */ = {
			isa = XCConfigurationList;
			buildConfigurations = (
				C88025821CBE41B90065BCE0 /* Debug */,
				C88025831CBE41B90065BCE0 /* Release */,
			);
			defaultConfigurationIsVisible = 0;
		};
		C88025841CBE41B90065BCE0 /* Build configuration list for PBXNativeTarget "screenRDAUITests" */ = {
			isa = XCConfigurationList;
			buildConfigurations = (
				C88025851CBE41B90065BCE0 /* Debug */,
				C88025861CBE41B90065BCE0 /* Release */,
			);
			defaultConfigurationIsVisible = 0;
		};
/* End XCConfigurationList section */
	};
	rootObject = C88025531CBE41B80065BCE0 /* Project object */;
}
